
Microsoft Visual Studio Solution File, Format Version 12.00
# Visual Studio Version 17
VisualStudioVersion = 17.12.35527.113 d17.12
MinimumVisualStudioVersion = 10.0.40219.1
Project("{FAE04EC0-301F-11D3-BF4B-00C04F79EFBC}") = "Consola", "Consola\Consola.csproj", "{EEEF7CF9-DC1A-450B-B036-2D9C8351B36E}"
EndProject
Project("{FAE04EC0-301F-11D3-BF4B-00C04F79EFBC}") = "WindowsForms", "WindowsForms\WindowsForms.csproj", "{0DE13F79-E628-4992-BC4A-EADC00DE1304}"
EndProject
Global
	GlobalSection(SolutionConfigurationPlatforms) = preSolution
		Debug|Any CPU = Debug|Any CPU
		Release|Any CPU = Release|Any CPU
	EndGlobalSection
	GlobalSection(ProjectConfigurationPlatforms) = postSolution
		{EEEF7CF9-DC1A-450B-B036-2D9C8351B36E}.Debug|Any CPU.ActiveCfg = Debug|Any CPU
		{EEEF7CF9-DC1A-450B-B036-2D9C8351B36E}.Debug|Any CPU.Build.0 = Debug|Any CPU
		{EEEF7CF9-DC1A-450B-B036-2D9C8351B36E}.Release|Any CPU.ActiveCfg = Release|Any CPU
		{EEEF7CF9-DC1A-450B-B036-2D9C8351B36E}.Release|Any CPU.Build.0 = Release|Any CPU
		{0DE13F79-E628-4992-BC4A-EADC00DE1304}.Debug|Any CPU.ActiveCfg = Debug|Any CPU
		{0DE13F79-E628-4992-BC4A-EADC00DE1304}.Debug|Any CPU.Build.0 = Debug|Any CPU
		{0DE13F79-E628-4992-BC4A-EADC00DE1304}.Release|Any CPU.ActiveCfg = Release|Any CPU
		{0DE13F79-E628-4992-BC4A-EADC00DE1304}.Release|Any CPU.Build.0 = Release|Any CPU
	EndGlobalSection
	GlobalSection(SolutionProperties) = preSolution
		HideSolutionNode = FALSE
	EndGlobalSection
EndGlobal
